// !$*UTF8*$!
{
	archiveVersion = 1;
	classes = {
	};
	objectVersion = 46;
	objects = {

/* Begin PBXBuildFile section */
		F11AF1091EF25CF500D514BA /* AppDelegate.swift in Sources */ = {isa = PBXBuildFile; fileRef = F11AF1081EF25CF500D514BA /* AppDelegate.swift */; };
		F11AF10B1EF25CF500D514BA /* ViewController.swift in Sources */ = {isa = PBXBuildFile; fileRef = F11AF10A1EF25CF500D514BA /* ViewController.swift */; };
		F11AF10E1EF25CF500D514BA /* Main.storyboard in Resources */ = {isa = PBXBuildFile; fileRef = F11AF10C1EF25CF500D514BA /* Main.storyboard */; };
		F11AF1101EF25CF500D514BA /* Assets.xcassets in Resources */ = {isa = PBXBuildFile; fileRef = F11AF10F1EF25CF500D514BA /* Assets.xcassets */; };
		F11AF1131EF25CF500D514BA /* LaunchScreen.storyboard in Resources */ = {isa = PBXBuildFile; fileRef = F11AF1111EF25CF500D514BA /* LaunchScreen.storyboard */; };
		F11AF11B1EF27DFC00D514BA /* AddNewUserViewController.swift in Sources */ = {isa = PBXBuildFile; fileRef = F11AF11A1EF27DFC00D514BA /* AddNewUserViewController.swift */; };
		F11AF11F1EF2825800D514BA /* BG_SNRU.jpg in Resources */ = {isa = PBXBuildFile; fileRef = F11AF11E1EF2825800D514BA /* BG_SNRU.jpg */; };
		F11AF1231EF2858600D514BA /* ic_note_add_2x.png in Resources */ = {isa = PBXBuildFile; fileRef = F11AF1201EF2858600D514BA /* ic_note_add_2x.png */; };
		F11AF1241EF2858600D514BA /* ic_note_add_3x.png in Resources */ = {isa = PBXBuildFile; fileRef = F11AF1211EF2858600D514BA /* ic_note_add_3x.png */; };
		F11AF1251EF2858600D514BA /* ic_note_add.png in Resources */ = {isa = PBXBuildFile; fileRef = F11AF1221EF2858600D514BA /* ic_note_add.png */; };
		F11AF1291EF288A300D514BA /* ic_keyboard_arrow_left_2x.png in Resources */ = {isa = PBXBuildFile; fileRef = F11AF1261EF288A300D514BA /* ic_keyboard_arrow_left_2x.png */; };
		F11AF12A1EF288A300D514BA /* ic_keyboard_arrow_left_3x.png in Resources */ = {isa = PBXBuildFile; fileRef = F11AF1271EF288A300D514BA /* ic_keyboard_arrow_left_3x.png */; };
		F11AF12B1EF288A300D514BA /* ic_keyboard_arrow_left.png in Resources */ = {isa = PBXBuildFile; fileRef = F11AF1281EF288A300D514BA /* ic_keyboard_arrow_left.png */; };
		F1488DC91EF3D2720003CC3A /* MapViewController.swift in Sources */ = {isa = PBXBuildFile; fileRef = F1488DC81EF3D2720003CC3A /* MapViewController.swift */; };
/* End PBXBuildFile section */

/* Begin PBXFileReference section */
		F11AF1051EF25CF500D514BA /* My Service.app */ = {isa = PBXFileReference; explicitFileType = wrapper.application; includeInIndex = 0; path = "My Service.app"; sourceTree = BUILT_PRODUCTS_DIR; };
		F11AF1081EF25CF500D514BA /* AppDelegate.swift */ = {isa = PBXFileReference; lastKnownFileType = sourcecode.swift; path = AppDelegate.swift; sourceTree = "<group>"; };
		F11AF10A1EF25CF500D514BA /* ViewController.swift */ = {isa = PBXFileReference; lastKnownFileType = sourcecode.swift; path = ViewController.swift; sourceTree = "<group>"; };
		F11AF10D1EF25CF500D514BA /* Base */ = {isa = PBXFileReference; lastKnownFileType = file.storyboard; name = Base; path = Base.lproj/Main.storyboard; sourceTree = "<group>"; };
		F11AF10F1EF25CF500D514BA /* Assets.xcassets */ = {isa = PBXFileReference; lastKnownFileType = folder.assetcatalog; path = Assets.xcassets; sourceTree = "<group>"; };
		F11AF1121EF25CF500D514BA /* Base */ = {isa = PBXFileReference; lastKnownFileType = file.storyboard; name = Base; path = Base.lproj/LaunchScreen.storyboard; sourceTree = "<group>"; };
		F11AF1141EF25CF500D514BA /* Info.plist */ = {isa = PBXFileReference; lastKnownFileType = text.plist.xml; path = Info.plist; sourceTree = "<group>"; };
		F11AF11A1EF27DFC00D514BA /* AddNewUserViewController.swift */ = {isa = PBXFileReference; fileEncoding = 4; lastKnownFileType = sourcecode.swift; path = AddNewUserViewController.swift; sourceTree = "<group>"; };
		F11AF11E1EF2825800D514BA /* BG_SNRU.jpg */ = {isa = PBXFileReference; lastKnownFileType = image.jpeg; name = BG_SNRU.jpg; path = ../../../../Desktop/BG_SNRU.jpg; sourceTree = "<group>"; };
		F11AF1201EF2858600D514BA /* ic_note_add_2x.png */ = {isa = PBXFileReference; lastKnownFileType = image.png; name = ic_note_add_2x.png; path = ../../../../Desktop/ic_note_add_2x.png; sourceTree = "<group>"; };
		F11AF1211EF2858600D514BA /* ic_note_add_3x.png */ = {isa = PBXFileReference; lastKnownFileType = image.png; name = ic_note_add_3x.png; path = ../../../../Desktop/ic_note_add_3x.png; sourceTree = "<group>"; };
		F11AF1221EF2858600D514BA /* ic_note_add.png */ = {isa = PBXFileReference; lastKnownFileType = image.png; name = ic_note_add.png; path = ../../../../Desktop/ic_note_add.png; sourceTree = "<group>"; };
		F11AF1261EF288A300D514BA /* ic_keyboard_arrow_left_2x.png */ = {isa = PBXFileReference; lastKnownFileType = image.png; name = ic_keyboard_arrow_left_2x.png; path = ../../../../Desktop/ic_keyboard_arrow_left_2x.png; sourceTree = "<group>"; };
		F11AF1271EF288A300D514BA /* ic_keyboard_arrow_left_3x.png */ = {isa = PBXFileReference; lastKnownFileType = image.png; name = ic_keyboard_arrow_left_3x.png; path = ../../../../Desktop/ic_keyboard_arrow_left_3x.png; sourceTree = "<group>"; };
		F11AF1281EF288A300D514BA /* ic_keyboard_arrow_left.png */ = {isa = PBXFileReference; lastKnownFileType = image.png; name = ic_keyboard_arrow_left.png; path = ../../../../Desktop/ic_keyboard_arrow_left.png; sourceTree = "<group>"; };
		F1488DC81EF3D2720003CC3A /* MapViewController.swift */ = {isa = PBXFileReference; fileEncoding = 4; lastKnownFileType = sourcecode.swift; path = MapViewController.swift; sourceTree = "<group>"; };
/* End PBXFileReference section */

/* Begin PBXFrameworksBuildPhase section */
		F11AF1021EF25CF500D514BA /* Frameworks */ = {
			isa = PBXFrameworksBuildPhase;
			buildActionMask = 2147483647;
			files = (
			);
			runOnlyForDeploymentPostprocessing = 0;
		};
/* End PBXFrameworksBuildPhase section */

/* Begin PBXGroup section */
		F11AF0FC1EF25CF500D514BA = {
			isa = PBXGroup;
			children = (
				F11AF1071EF25CF500D514BA /* My Service */,
				F11AF1061EF25CF500D514BA /* Products */,
			);
			sourceTree = "<group>";
		};
		F11AF1061EF25CF500D514BA /* Products */ = {
			isa = PBXGroup;
			children = (
				F11AF1051EF25CF500D514BA /* My Service.app */,
			);
			name = Products;
			sourceTree = "<group>";
		};
		F11AF1071EF25CF500D514BA /* My Service */ = {
			isa = PBXGroup;
			children = (
				F11AF1261EF288A300D514BA /* ic_keyboard_arrow_left_2x.png */,
				F11AF1271EF288A300D514BA /* ic_keyboard_arrow_left_3x.png */,
				F11AF1281EF288A300D514BA /* ic_keyboard_arrow_left.png */,
				F11AF1201EF2858600D514BA /* ic_note_add_2x.png */,
				F11AF1211EF2858600D514BA /* ic_note_add_3x.png */,
				F11AF1221EF2858600D514BA /* ic_note_add.png */,
				F11AF11E1EF2825800D514BA /* BG_SNRU.jpg */,
				F11AF1081EF25CF500D514BA /* AppDelegate.swift */,
				F11AF10A1EF25CF500D514BA /* ViewController.swift */,
				F11AF10C1EF25CF500D514BA /* Main.storyboard */,
				F1488DC81EF3D2720003CC3A /* MapViewController.swift */,
				F11AF11A1EF27DFC00D514BA /* AddNewUserViewController.swift */,
				F11AF10F1EF25CF500D514BA /* Assets.xcassets */,
				F11AF1111EF25CF500D514BA /* LaunchScreen.storyboard */,
				F11AF1141EF25CF500D514BA /* Info.plist */,
			);
			path = "My Service";
			sourceTree = "<group>";
		};
/* End PBXGroup section */

/* Begin PBXNativeTarget section */
		F11AF1041EF25CF500D514BA /* My Service */ = {
			isa = PBXNativeTarget;
			buildConfigurationList = F11AF1171EF25CF500D514BA /* Build configuration list for PBXNativeTarget "My Service" */;
			buildPhases = (
				F11AF1011EF25CF500D514BA /* Sources */,
				F11AF1021EF25CF500D514BA /* Frameworks */,
				F11AF1031EF25CF500D514BA /* Resources */,
			);
			buildRules = (
			);
			dependencies = (
			);
			name = "My Service";
			productName = "My Service";
			productReference = F11AF1051EF25CF500D514BA /* My Service.app */;
			productType = "com.apple.product-type.application";
		};
/* End PBXNativeTarget section */

/* Begin PBXProject section */
		F11AF0FD1EF25CF500D514BA /* Project object */ = {
			isa = PBXProject;
			attributes = {
				LastSwiftUpdateCheck = 0830;
				LastUpgradeCheck = 0830;
				ORGANIZATIONNAME = SNRU;
				TargetAttributes = {
					F11AF1041EF25CF500D514BA = {
						CreatedOnToolsVersion = 8.3.3;
						ProvisioningStyle = Automatic;
					};
				};
			};
			buildConfigurationList = F11AF1001EF25CF500D514BA /* Build configuration list for PBXProject "My Service" */;
			compatibilityVersion = "Xcode 3.2";
			developmentRegion = English;
			hasScannedForEncodings = 0;
			knownRegions = (
				en,
				Base,
			);
			mainGroup = F11AF0FC1EF25CF500D514BA;
			productRefGroup = F11AF1061EF25CF500D514BA /* Products */;
			projectDirPath = "";
			projectRoot = "";
			targets = (
				F11AF1041EF25CF500D514BA /* My Service */,
			);
		};
/* End PBXProject section */

/* Begin PBXResourcesBuildPhase section */
		F11AF1031EF25CF500D514BA /* Resources */ = {
			isa = PBXResourcesBuildPhase;
			buildActionMask = 2147483647;
			files = (
				F11AF1251EF2858600D514BA /* ic_note_add.png in Resources */,
				F11AF1291EF288A300D514BA /* ic_keyboard_arrow_left_2x.png in Resources */,
				F11AF1131EF25CF500D514BA /* LaunchScreen.storyboard in Resources */,
				F11AF1231EF2858600D514BA /* ic_note_add_2x.png in Resources */,
				F11AF1241EF2858600D514BA /* ic_note_add_3x.png in Resources */,
				F11AF12B1EF288A300D514BA /* ic_keyboard_arrow_left.png in Resources */,
				F11AF12A1EF288A300D514BA /* ic_keyboard_arrow_left_3x.png in Resources */,
				F11AF1101EF25CF500D514BA /* Assets.xcassets in Resources */,
				F11AF11F1EF2825800D514BA /* BG_SNRU.jpg in Resources */,
				F11AF10E1EF25CF500D514BA /* Main.storyboard in Resources */,
			);
			runOnlyForDeploymentPostprocessing = 0;
		};
/* End PBXResourcesBuildPhase section */

/* Begin PBXSourcesBuildPhase section */
		F11AF1011EF25CF500D514BA /* Sources */ = {
			isa = PBXSourcesBuildPhase;
			buildActionMask = 2147483647;
			files = (
				F11AF10B1EF25CF500D514BA /* ViewController.swift in Sources */,
				F11AF11B1EF27DFC00D514BA /* AddNewUserViewController.swift in Sources */,
				F11AF1091EF25CF500D514BA /* AppDelegate.swift in Sources */,
				F1488DC91EF3D2720003CC3A /* MapViewController.swift in Sources */,
			);
			runOnlyForDeploymentPostprocessing = 0;
		};
/* End PBXSourcesBuildPhase section */

/* Begin PBXVariantGroup section */
		F11AF10C1EF25CF500D514BA /* Main.storyboard */ = {
			isa = PBXVariantGroup;
			children = (
				F11AF10D1EF25CF500D514BA /* Base */,
			);
			name = Main.storyboard;
			sourceTree = "<group>";
		};
		F11AF1111EF25CF500D514BA /* LaunchScreen.storyboard */ = {
			isa = PBXVariantGroup;
			children = (
				F11AF1121EF25CF500D514BA /* Base */,
			);
			name = LaunchScreen.storyboard;
			sourceTree = "<group>";
		};
/* End PBXVariantGroup section */

/* Begin XCBuildConfiguration section */
		F11AF1151EF25CF500D514BA /* Debug */ = {
			isa = XCBuildConfiguration;
			buildSettings = {
				ALWAYS_SEARCH_USER_PATHS = NO;
				CLANG_ANALYZER_NONNULL = YES;
				CLANG_ANALYZER_NUMBER_OBJECT_CONVERSION = YES_AGGRESSIVE;
				CLANG_CXX_LANGUAGE_STANDARD = "gnu++0x";
				CLANG_CXX_LIBRARY = "libc++";
				CLANG_ENABLE_MODULES = YES;
				CLANG_ENABLE_OBJC_ARC = YES;
				CLANG_WARN_BOOL_CONVERSION = YES;
				CLANG_WARN_CONSTANT_CONVERSION = YES;
				CLANG_WARN_DIRECT_OBJC_ISA_USAGE = YES_ERROR;
				CLANG_WARN_DOCUMENTATION_COMMENTS = YES;
				CLANG_WARN_EMPTY_BODY = YES;
				CLANG_WARN_ENUM_CONVERSION = YES;
				CLANG_WARN_INFINITE_RECURSION = YES;
				CLANG_WARN_INT_CONVERSION = YES;
				CLANG_WARN_OBJC_ROOT_CLASS = YES_ERROR;
				CLANG_WARN_SUSPICIOUS_MOVE = YES;
				CLANG_WARN_UNREACHABLE_CODE = YES;
				CLANG_WARN__DUPLICATE_METHOD_MATCH = YES;
				"CODE_SIGN_IDENTITY[sdk=iphoneos*]" = "iPhone Developer";
				COPY_PHASE_STRIP = NO;
				DEBUG_INFORMATION_FORMAT = dwarf;
				ENABLE_STRICT_OBJC_MSGSEND = YES;
				ENABLE_TESTABILITY = YES;
				GCC_C_LANGUAGE_STANDARD = gnu99;
				GCC_DYNAMIC_NO_PIC = NO;
				GCC_NO_COMMON_BLOCKS = YES;
				GCC_OPTIMIZATION_LEVEL = 0;
				GCC_PREPROCESSOR_DEFINITIONS = (
					"DEBUG=1",
					"$(inherited)",
				);
				GCC_WARN_64_TO_32_BIT_CONVERSION = YES;
				GCC_WARN_ABOUT_RETURN_TYPE = YES_ERROR;
				GCC_WARN_UNDECLARED_SELECTOR = YES;
				GCC_WARN_UNINITIALIZED_AUTOS = YES_AGGRESSIVE;
				GCC_WARN_UNUSED_FUNCTION = YES;
				GCC_WARN_UNUSED_VARIABLE = YES;
				IPHONEOS_DEPLOYMENT_TARGET = 10.3;
				MTL_ENABLE_DEBUG_INFO = YES;
				ONLY_ACTIVE_ARCH = YES;
				SDKROOT = iphoneos;
				SWIFT_ACTIVE_COMPILATION_CONDITIONS = DEBUG;
				SWIFT_OPTIMIZATION_LEVEL = "-Onone";
				TARGETED_DEVICE_FAMILY = "1,2";
			};
			name = Debug;
		};
		F11AF1161EF25CF500D514BA /* Release */ = {
			isa = XCBuildConfiguration;
			buildSettings = {
				ALWAYS_SEARCH_USER_PATHS = NO;
				CLANG_ANALYZER_NONNULL = YES;
				CLANG_ANALYZER_NUMBER_OBJECT_CONVERSION = YES_AGGRESSIVE;
				CLANG_CXX_LANGUAGE_STANDARD = "gnu++0x";
				CLANG_CXX_LIBRARY = "libc++";
				CLANG_ENABLE_MODULES = YES;
				CLANG_ENABLE_OBJC_ARC = YES;
				CLANG_WARN_BOOL_CONVERSION = YES;
				CLANG_WARN_CONSTANT_CONVERSION = YES;
				CLANG_WARN_DIRECT_OBJC_ISA_USAGE = YES_ERROR;
				CLANG_WARN_DOCUMENTATION_COMMENTS = YES;
				CLANG_WARN_EMPTY_BODY = YES;
				CLANG_WARN_ENUM_CONVERSION = YES;
				CLANG_WARN_INFINITE_RECURSION = YES;
				CLANG_WARN_INT_CONVERSION = YES;
				CLANG_WARN_OBJC_ROOT_CLASS = YES_ERROR;
				CLANG_WARN_SUSPICIOUS_MOVE = YES;
				CLANG_WARN_UNREACHABLE_CODE = YES;
				CLANG_WARN__DUPLICATE_METHOD_MATCH = YES;
				"CODE_SIGN_IDENTITY[sdk=iphoneos*]" = "iPhone Developer";
				COPY_PHASE_STRIP = NO;
				DEBUG_INFORMATION_FORMAT = "dwarf-with-dsym";
				ENABLE_NS_ASSERTIONS = NO;
				ENABLE_STRICT_OBJC_MSGSEND = YES;
				GCC_C_LANGUAGE_STANDARD = gnu99;
				GCC_NO_COMMON_BLOCKS = YES;
				GCC_WARN_64_TO_32_BIT_CONVERSION = YES;
				GCC_WARN_ABOUT_RETURN_TYPE = YES_ERROR;
				GCC_WARN_UNDECLARED_SELECTOR = YES;
				GCC_WARN_UNINITIALIZED_AUTOS = YES_AGGRESSIVE;
				GCC_WARN_UNUSED_FUNCTION = YES;
				GCC_WARN_UNUSED_VARIABLE = YES;
				IPHONEOS_DEPLOYMENT_TARGET = 10.3;
				MTL_ENABLE_DEBUG_INFO = NO;
				SDKROOT = iphoneos;
				SWIFT_OPTIMIZATION_LEVEL = "-Owholemodule";
				TARGETED_DEVICE_FAMILY = "1,2";
				VALIDATE_PRODUCT = YES;
			};
			name = Release;
		};
		F11AF1181EF25CF500D514BA /* Debug */ = {
			isa = XCBuildConfiguration;
			buildSettings = {
				ASSETCATALOG_COMPILER_APPICON_NAME = AppIcon;
				INFOPLIST_FILE = "My Service/Info.plist";
				LD_RUNPATH_SEARCH_PATHS = "$(inherited) @executable_path/Frameworks";
				PRODUCT_BUNDLE_IDENTIFIER = "Computer.Sooksathit.My-Service";
				PRODUCT_NAME = "$(TARGET_NAME)";
				SWIFT_VERSION = 3.0;
			};
			name = Debug;
		};
		F11AF1191EF25CF500D514BA /* Release */ = {
			isa = XCBuildConfiguration;
			buildSettings = {
				ASSETCATALOG_COMPILER_APPICON_NAME = AppIcon;
				INFOPLIST_FILE = "My Service/Info.plist";
				LD_RUNPATH_SEARCH_PATHS = "$(inherited) @executable_path/Frameworks";
				PRODUCT_BUNDLE_IDENTIFIER = "Computer.Sooksathit.My-Service";
				PRODUCT_NAME = "$(TARGET_NAME)";
				SWIFT_VERSION = 3.0;
			};
			name = Release;
		};
/* End XCBuildConfiguration section */

/* Begin XCConfigurationList section */
		F11AF1001EF25CF500D514BA /* Build configuration list for PBXProject "My Service" */ = {
			isa = XCConfigurationList;
			buildConfigurations = (
				F11AF1151EF25CF500D514BA /* Debug */,
				F11AF1161EF25CF500D514BA /* Release */,
			);
			defaultConfigurationIsVisible = 0;
			defaultConfigurationName = Release;
		};
		F11AF1171EF25CF500D514BA /* Build configuration list for PBXNativeTarget "My Service" */ = {
			isa = XCConfigurationList;
			buildConfigurations = (
				F11AF1181EF25CF500D514BA /* Debug */,
				F11AF1191EF25CF500D514BA /* Release */,
			);
			defaultConfigurationIsVisible = 0;
			defaultConfigurationName = Release;
		};
/* End XCConfigurationList section */
	};
	rootObject = F11AF0FD1EF25CF500D514BA /* Project object */;
}
